
Microsoft Visual Studio Solution File, Format Version 12.00
# Visual Studio 2017
Project("{FAE04EC0-301F-11D3-BF4B-00C04F79EFBC}") = "PlatformerRaycast", "PlatformerRaycast.csproj", "{D0A1E9B0-4427-0B06-8AE7-5FAA04FBE710}"
EndProject
Global
	GlobalSection(SolutionConfigurationPlatforms) = preSolution
		Debug|Any CPU = Debug|Any CPU
		Release|Any CPU = Release|Any CPU
	EndGlobalSection
	GlobalSection(ProjectConfigurationPlatforms) = postSolution
		{D0A1E9B0-4427-0B06-8AE7-5FAA04FBE710}.Debug|Any CPU.ActiveCfg = Debug|Any CPU
		{D0A1E9B0-4427-0B06-8AE7-5FAA04FBE710}.Debug|Any CPU.Build.0 = Debug|Any CPU
		{D0A1E9B0-4427-0B06-8AE7-5FAA04FBE710}.Release|Any CPU.ActiveCfg = Release|Any CPU
		{D0A1E9B0-4427-0B06-8AE7-5FAA04FBE710}.Release|Any CPU.Build.0 = Release|Any CPU
	EndGlobalSection
	GlobalSection(SolutionProperties) = preSolution
		HideSolutionNode = FALSE
	EndGlobalSection
EndGlobal
